
Microsoft Visual Studio Solution File, Format Version 12.00
# Visual Studio Version 17
VisualStudioVersion = 17.5.33516.290
MinimumVisualStudioVersion = 10.0.40219.1
Project("{FAE04EC0-301F-11D3-BF4B-00C04F79EFBC}") = "WindowsFormsApp5", "WindowsFormsApp5\WindowsFormsApp5.csproj", "{FD668148-0785-4AB3-90E1-11FF2651A71C}"
EndProject
Global
	GlobalSection(SolutionConfigurationPlatforms) = preSolution
		Debug|Any CPU = Debug|Any CPU
		Release|Any CPU = Release|Any CPU
	EndGlobalSection
	GlobalSection(ProjectConfigurationPlatforms) = postSolution
		{FD668148-0785-4AB3-90E1-11FF2651A71C}.Debug|Any CPU.ActiveCfg = Debug|Any CPU
		{FD668148-0785-4AB3-90E1-11FF2651A71C}.Debug|Any CPU.Build.0 = Debug|Any CPU
		{FD668148-0785-4AB3-90E1-11FF2651A71C}.Release|Any CPU.ActiveCfg = Release|Any CPU
		{FD668148-0785-4AB3-90E1-11FF2651A71C}.Release|Any CPU.Build.0 = Release|Any CPU
	EndGlobalSection
	GlobalSection(SolutionProperties) = preSolution
		HideSolutionNode = FALSE
	EndGlobalSection
	GlobalSection(ExtensibilityGlobals) = postSolution
		SolutionGuid = {D8E9B150-C1C7-4A91-88F2-114C0AC99985}
	EndGlobalSection
EndGlobal
