
Microsoft Visual Studio Solution File, Format Version 12.00
# Visual Studio Version 17
VisualStudioVersion = 17.5.33516.290
MinimumVisualStudioVersion = 10.0.40219.1
Project("{FAE04EC0-301F-11D3-BF4B-00C04F79EFBC}") = "HW 8 MARIO JEMBOT", "HW 8 MARIO JEMBOT\HW 8 MARIO JEMBOT.csproj", "{49F72B79-103A-4E8E-8575-CCBCA319B104}"
EndProject
Global
	GlobalSection(SolutionConfigurationPlatforms) = preSolution
		Debug|Any CPU = Debug|Any CPU
		Release|Any CPU = Release|Any CPU
	EndGlobalSection
	GlobalSection(ProjectConfigurationPlatforms) = postSolution
		{49F72B79-103A-4E8E-8575-CCBCA319B104}.Debug|Any CPU.ActiveCfg = Debug|Any CPU
		{49F72B79-103A-4E8E-8575-CCBCA319B104}.Debug|Any CPU.Build.0 = Debug|Any CPU
		{49F72B79-103A-4E8E-8575-CCBCA319B104}.Release|Any CPU.ActiveCfg = Release|Any CPU
		{49F72B79-103A-4E8E-8575-CCBCA319B104}.Release|Any CPU.Build.0 = Release|Any CPU
	EndGlobalSection
	GlobalSection(SolutionProperties) = preSolution
		HideSolutionNode = FALSE
	EndGlobalSection
	GlobalSection(ExtensibilityGlobals) = postSolution
		SolutionGuid = {E58095E6-EBB8-4499-8D1C-2AE4A2C9D983}
	EndGlobalSection
EndGlobal
