
Microsoft Visual Studio Solution File, Format Version 12.00
# Visual Studio Version 17
VisualStudioVersion = 17.4.33403.182
MinimumVisualStudioVersion = 10.0.40219.1
Project("{FAE04EC0-301F-11D3-BF4B-00C04F79EFBC}") = "Take Home 3", "Take Home 3\Take Home 3.csproj", "{E5603027-CFFE-40D3-90FD-EB19B7E2A3E1}"
EndProject
Global
	GlobalSection(SolutionConfigurationPlatforms) = preSolution
		Debug|Any CPU = Debug|Any CPU
		Release|Any CPU = Release|Any CPU
	EndGlobalSection
	GlobalSection(ProjectConfigurationPlatforms) = postSolution
		{E5603027-CFFE-40D3-90FD-EB19B7E2A3E1}.Debug|Any CPU.ActiveCfg = Debug|Any CPU
		{E5603027-CFFE-40D3-90FD-EB19B7E2A3E1}.Debug|Any CPU.Build.0 = Debug|Any CPU
		{E5603027-CFFE-40D3-90FD-EB19B7E2A3E1}.Release|Any CPU.ActiveCfg = Release|Any CPU
		{E5603027-CFFE-40D3-90FD-EB19B7E2A3E1}.Release|Any CPU.Build.0 = Release|Any CPU
	EndGlobalSection
	GlobalSection(SolutionProperties) = preSolution
		HideSolutionNode = FALSE
	EndGlobalSection
	GlobalSection(ExtensibilityGlobals) = postSolution
		SolutionGuid = {5DD32005-B9E2-4A9C-AE15-FFFA84E2ED44}
	EndGlobalSection
EndGlobal
